
Microsoft Visual Studio Solution File, Format Version 10.00
# Visual C++ Express 2008
Project("{8BC9CEB8-8B4A-11D0-8D11-00A0C91BC942}") = "papiko", "papiko.vcproj", "{D1743B10-87D4-425C-8E58-2B05835DA353}"
EndProject
Global
	GlobalSection(SolutionConfigurationPlatforms) = preSolution
		Debug|Win32 = Debug|Win32
		Release|Win32 = Release|Win32
	EndGlobalSection
	GlobalSection(ProjectConfigurationPlatforms) = postSolution
		{D1743B10-87D4-425C-8E58-2B05835DA353}.Debug|Win32.ActiveCfg = Debug|Win32
		{D1743B10-87D4-425C-8E58-2B05835DA353}.Debug|Win32.Build.0 = Debug|Win32
		{D1743B10-87D4-425C-8E58-2B05835DA353}.Release|Win32.ActiveCfg = Release|Win32
		{D1743B10-87D4-425C-8E58-2B05835DA353}.Release|Win32.Build.0 = Release|Win32
	EndGlobalSection
	GlobalSection(SolutionProperties) = preSolution
		HideSolutionNode = FALSE
	EndGlobalSection
EndGlobal
