
Microsoft Visual Studio Solution File, Format Version 12.00
# Visual Studio 2013
VisualStudioVersion = 12.0.31101.0
MinimumVisualStudioVersion = 10.0.40219.1
Project("{8BC9CEB8-8B4A-11D0-8D11-00A0C91BC942}") = "mqo2smesh", "mqo2smesh.vcxproj", "{A23D46D7-E93B-49A6-8420-D9D19AF1B6DC}"
EndProject
Global
	GlobalSection(SolutionConfigurationPlatforms) = preSolution
		Debug|Win32 = Debug|Win32
		Release|Win32 = Release|Win32
	EndGlobalSection
	GlobalSection(ProjectConfigurationPlatforms) = postSolution
		{A23D46D7-E93B-49A6-8420-D9D19AF1B6DC}.Debug|Win32.ActiveCfg = Debug|Win32
		{A23D46D7-E93B-49A6-8420-D9D19AF1B6DC}.Debug|Win32.Build.0 = Debug|Win32
		{A23D46D7-E93B-49A6-8420-D9D19AF1B6DC}.Release|Win32.ActiveCfg = Release|Win32
		{A23D46D7-E93B-49A6-8420-D9D19AF1B6DC}.Release|Win32.Build.0 = Release|Win32
	EndGlobalSection
	GlobalSection(SolutionProperties) = preSolution
		HideSolutionNode = FALSE
	EndGlobalSection
EndGlobal
